
Microsoft Visual Studio Solution File, Format Version 12.00
# Visual Studio Version 17
VisualStudioVersion = 17.11.35327.3
MinimumVisualStudioVersion = 10.0.40219.1
Project("{FAE04EC0-301F-11D3-BF4B-00C04F79EFBC}") = "EjercicioLayout1", "EjercicioLayout1\EjercicioLayout1.csproj", "{1729CBA4-0BD5-43A3-BB1F-D698DA82A304}"
EndProject
Project("{FAE04EC0-301F-11D3-BF4B-00C04F79EFBC}") = "EjercicioLayout2", "EjercicioLayout2\EjercicioLayout2.csproj", "{174A306A-EDA3-47B8-A083-7C192DF0204F}"
EndProject
Global
	GlobalSection(SolutionConfigurationPlatforms) = preSolution
		Debug|Any CPU = Debug|Any CPU
		Release|Any CPU = Release|Any CPU
	EndGlobalSection
	GlobalSection(ProjectConfigurationPlatforms) = postSolution
		{1729CBA4-0BD5-43A3-BB1F-D698DA82A304}.Debug|Any CPU.ActiveCfg = Debug|Any CPU
		{1729CBA4-0BD5-43A3-BB1F-D698DA82A304}.Debug|Any CPU.Build.0 = Debug|Any CPU
		{1729CBA4-0BD5-43A3-BB1F-D698DA82A304}.Debug|Any CPU.Deploy.0 = Debug|Any CPU
		{1729CBA4-0BD5-43A3-BB1F-D698DA82A304}.Release|Any CPU.ActiveCfg = Release|Any CPU
		{1729CBA4-0BD5-43A3-BB1F-D698DA82A304}.Release|Any CPU.Build.0 = Release|Any CPU
		{1729CBA4-0BD5-43A3-BB1F-D698DA82A304}.Release|Any CPU.Deploy.0 = Release|Any CPU
		{174A306A-EDA3-47B8-A083-7C192DF0204F}.Debug|Any CPU.ActiveCfg = Debug|Any CPU
		{174A306A-EDA3-47B8-A083-7C192DF0204F}.Debug|Any CPU.Build.0 = Debug|Any CPU
		{174A306A-EDA3-47B8-A083-7C192DF0204F}.Debug|Any CPU.Deploy.0 = Debug|Any CPU
		{174A306A-EDA3-47B8-A083-7C192DF0204F}.Release|Any CPU.ActiveCfg = Release|Any CPU
		{174A306A-EDA3-47B8-A083-7C192DF0204F}.Release|Any CPU.Build.0 = Release|Any CPU
		{174A306A-EDA3-47B8-A083-7C192DF0204F}.Release|Any CPU.Deploy.0 = Release|Any CPU
	EndGlobalSection
	GlobalSection(SolutionProperties) = preSolution
		HideSolutionNode = FALSE
	EndGlobalSection
	GlobalSection(ExtensibilityGlobals) = postSolution
		SolutionGuid = {0F09A6B8-A718-469E-A869-CCDCE609F421}
	EndGlobalSection
EndGlobal
